# This file is automatically @generated by Cargo.
# It is not intended for manual editing.
version = 3

[[package]]
name = "apple-cf"
version = "0.5.0"
source = "registry+https://github.com/rust-lang/crates.io-index"
checksum = "f18f9f1747c86d067ade130403a7bfc1ba3609de64d4b69ea0ac3296f3052d08"

[[package]]
name = "libc"
version = "0.2.186"
source = "registry+https://github.com/rust-lang/crates.io-index"
checksum = "68ab91017fe16c622486840e4c83c9a37afeff978bd239b5293d61ece587de66"

[[package]]
name = "security-rs"
version = "0.1.0"
dependencies = [
 "apple-cf",
 "libc",
]
